
Microsoft Visual Studio Solution File, Format Version 12.00
# Visual Studio Version 16
VisualStudioVersion = 16.0.29806.167
MinimumVisualStudioVersion = 10.0.40219.1
Project("{8BC9CEB8-8B4A-11D0-8D11-00A0C91BC942}") = "SonicCDDecomp", "SonicCDDecomp\SonicCDDecomp.vcxproj", "{BD4A4266-8ED9-491E-B4CC-3F63F0D39C1B}"
EndProject
Project("{FAE04EC0-301F-11D3-BF4B-00C04F79EFBC}") = "ChatVSSonicCD", "ChatVSSonicCD\ChatVSSonicCD.csproj", "{014E4048-16C1-4541-A778-60171BE5466F}"
EndProject
Global
	GlobalSection(SolutionConfigurationPlatforms) = preSolution
		Debug|Any CPU = Debug|Any CPU
		Debug|x64 = Debug|x64
		Debug|x86 = Debug|x86
		Release|Any CPU = Release|Any CPU
		Release|x64 = Release|x64
		Release|x86 = Release|x86
	EndGlobalSection
	GlobalSection(ProjectConfigurationPlatforms) = postSolution
		{BD4A4266-8ED9-491E-B4CC-3F63F0D39C1B}.Debug|Any CPU.ActiveCfg = Debug|Win32
		{BD4A4266-8ED9-491E-B4CC-3F63F0D39C1B}.Debug|x64.ActiveCfg = Debug|x64
		{BD4A4266-8ED9-491E-B4CC-3F63F0D39C1B}.Debug|x64.Build.0 = Debug|x64
		{BD4A4266-8ED9-491E-B4CC-3F63F0D39C1B}.Debug|x86.ActiveCfg = Debug|Win32
		{BD4A4266-8ED9-491E-B4CC-3F63F0D39C1B}.Debug|x86.Build.0 = Debug|Win32
		{BD4A4266-8ED9-491E-B4CC-3F63F0D39C1B}.Release|Any CPU.ActiveCfg = Release|Win32
		{BD4A4266-8ED9-491E-B4CC-3F63F0D39C1B}.Release|x64.ActiveCfg = Release|x64
		{BD4A4266-8ED9-491E-B4CC-3F63F0D39C1B}.Release|x64.Build.0 = Release|x64
		{BD4A4266-8ED9-491E-B4CC-3F63F0D39C1B}.Release|x86.ActiveCfg = Release|Win32
		{BD4A4266-8ED9-491E-B4CC-3F63F0D39C1B}.Release|x86.Build.0 = Release|Win32
		{014E4048-16C1-4541-A778-60171BE5466F}.Debug|Any CPU.ActiveCfg = Debug|Any CPU
		{014E4048-16C1-4541-A778-60171BE5466F}.Debug|Any CPU.Build.0 = Debug|Any CPU
		{014E4048-16C1-4541-A778-60171BE5466F}.Debug|x64.ActiveCfg = Debug|Any CPU
		{014E4048-16C1-4541-A778-60171BE5466F}.Debug|x64.Build.0 = Debug|Any CPU
		{014E4048-16C1-4541-A778-60171BE5466F}.Debug|x86.ActiveCfg = Debug|Any CPU
		{014E4048-16C1-4541-A778-60171BE5466F}.Debug|x86.Build.0 = Debug|Any CPU
		{014E4048-16C1-4541-A778-60171BE5466F}.Release|Any CPU.ActiveCfg = Release|Any CPU
		{014E4048-16C1-4541-A778-60171BE5466F}.Release|Any CPU.Build.0 = Release|Any CPU
		{014E4048-16C1-4541-A778-60171BE5466F}.Release|x64.ActiveCfg = Release|Any CPU
		{014E4048-16C1-4541-A778-60171BE5466F}.Release|x64.Build.0 = Release|Any CPU
		{014E4048-16C1-4541-A778-60171BE5466F}.Release|x86.ActiveCfg = Release|Any CPU
		{014E4048-16C1-4541-A778-60171BE5466F}.Release|x86.Build.0 = Release|Any CPU
	EndGlobalSection
	GlobalSection(SolutionProperties) = preSolution
		HideSolutionNode = FALSE
	EndGlobalSection
	GlobalSection(ExtensibilityGlobals) = postSolution
		SolutionGuid = {CEEC6B21-D41E-4C5C-8B97-9FAAD7974615}
	EndGlobalSection
EndGlobal
